<?xml version="1.0" encoding="utf-8"?>
<Project ToolsVersion="4.0" xmlns="http://schemas.microsoft.com/developer/msbuild/2003">
  <ItemGroup>
    <ClCompile Include="..\projects\assignment\code\assignmentapp.cc" />
    <ClCompile Include="..\projects\assignment\code\main.cc" />
    <ClCompile Include="..\projects\assignment\code\Matrix2d.cpp" />
    <ClCompile Include="..\projects\assignment\code\Vector2d.cpp" />
    <ClCompile Include="..\projects\assignment\code\pch.cpp" />
    <ClCompile Include="..\projects\assignment\code\Shape.cpp" />
    <ClCompile Include="..\projects\assignment\code\Square.cpp" />
  </ItemGroup>
  <ItemGroup>
    <ClInclude Include="..\projects\assignment\code\assignmentapp.h" />
    <ClInclude Include="..\projects\assignment\code\Matrix2d.h" />
    <ClInclude Include="..\projects\assignment\code\Vector2d.h" />
    <ClInclude Include="..\projects\assignment\code\pch.h" />
    <ClInclude Include="..\projects\assignment\code\Shape.h" />
    <ClInclude Include="..\projects\assignment\code\Square.h" />
  </ItemGroup>
</Project>